
Microsoft Visual Studio Solution File, Format Version 12.00
# Visual Studio Version 16
VisualStudioVersion = 16.0.30503.244
MinimumVisualStudioVersion = 10.0.40219.1
Project("{FAE04EC0-301F-11D3-BF4B-00C04F79EFBC}") = "CPRG214.InlandMarinaLtd.Data", "CPRG214.InlandMarinaLtd.Data\CPRG214.InlandMarinaLtd.Data.csproj", "{E93528F8-4ED4-4405-8BCE-8D725C168FA4}"
EndProject
Project("{FAE04EC0-301F-11D3-BF4B-00C04F79EFBC}") = "CPRG214.InlandMarinaLtd.App", "CPRG214.InlandMarinaLtd.App\CPRG214.InlandMarinaLtd.App.csproj", "{B9F42465-D7C9-47BF-86B9-0A0AECF56A08}"
EndProject
Global
	GlobalSection(SolutionConfigurationPlatforms) = preSolution
		Debug|Any CPU = Debug|Any CPU
		Release|Any CPU = Release|Any CPU
	EndGlobalSection
	GlobalSection(ProjectConfigurationPlatforms) = postSolution
		{E93528F8-4ED4-4405-8BCE-8D725C168FA4}.Debug|Any CPU.ActiveCfg = Debug|Any CPU
		{E93528F8-4ED4-4405-8BCE-8D725C168FA4}.Debug|Any CPU.Build.0 = Debug|Any CPU
		{E93528F8-4ED4-4405-8BCE-8D725C168FA4}.Release|Any CPU.ActiveCfg = Release|Any CPU
		{E93528F8-4ED4-4405-8BCE-8D725C168FA4}.Release|Any CPU.Build.0 = Release|Any CPU
		{B9F42465-D7C9-47BF-86B9-0A0AECF56A08}.Debug|Any CPU.ActiveCfg = Debug|Any CPU
		{B9F42465-D7C9-47BF-86B9-0A0AECF56A08}.Debug|Any CPU.Build.0 = Debug|Any CPU
		{B9F42465-D7C9-47BF-86B9-0A0AECF56A08}.Release|Any CPU.ActiveCfg = Release|Any CPU
		{B9F42465-D7C9-47BF-86B9-0A0AECF56A08}.Release|Any CPU.Build.0 = Release|Any CPU
	EndGlobalSection
	GlobalSection(SolutionProperties) = preSolution
		HideSolutionNode = FALSE
	EndGlobalSection
	GlobalSection(ExtensibilityGlobals) = postSolution
		SolutionGuid = {C6303F8F-F1DD-4542-B778-5A066F61255D}
	EndGlobalSection
EndGlobal
